
Microsoft Visual Studio Solution File, Format Version 12.00
# Visual Studio Version 17
VisualStudioVersion = 17.6.33829.357
MinimumVisualStudioVersion = 10.0.40219.1
Project("{FAE04EC0-301F-11D3-BF4B-00C04F79EFBC}") = "WebApi", "WebApi\WebApi.csproj", "{9BC38E6B-3D7D-4B83-ABB1-5469C1AD4682}"
EndProject
Project("{FAE04EC0-301F-11D3-BF4B-00C04F79EFBC}") = "Persistance", "Persistance\Persistance.csproj", "{6342E878-F29B-4C39-8116-DC51207E844F}"
EndProject
Project("{FAE04EC0-301F-11D3-BF4B-00C04F79EFBC}") = "Domain", "Domain\Domain.csproj", "{73A71BAD-2562-4B61-93AD-6D82DCAAD07C}"
EndProject
Project("{FAE04EC0-301F-11D3-BF4B-00C04F79EFBC}") = "Application", "Application\Application.csproj", "{14631CCC-BF93-4DD4-8781-45AAD7C8CA57}"
EndProject
Project("{FAE04EC0-301F-11D3-BF4B-00C04F79EFBC}") = "Infrastructure", "Infrastructure\Infrastructure.csproj", "{A0DA6797-B9FA-43C1-985F-50F4C0865286}"
EndProject
Global
	GlobalSection(SolutionConfigurationPlatforms) = preSolution
		Debug|Any CPU = Debug|Any CPU
		Release|Any CPU = Release|Any CPU
	EndGlobalSection
	GlobalSection(ProjectConfigurationPlatforms) = postSolution
		{9BC38E6B-3D7D-4B83-ABB1-5469C1AD4682}.Debug|Any CPU.ActiveCfg = Debug|Any CPU
		{9BC38E6B-3D7D-4B83-ABB1-5469C1AD4682}.Debug|Any CPU.Build.0 = Debug|Any CPU
		{9BC38E6B-3D7D-4B83-ABB1-5469C1AD4682}.Release|Any CPU.ActiveCfg = Release|Any CPU
		{9BC38E6B-3D7D-4B83-ABB1-5469C1AD4682}.Release|Any CPU.Build.0 = Release|Any CPU
		{6342E878-F29B-4C39-8116-DC51207E844F}.Debug|Any CPU.ActiveCfg = Debug|Any CPU
		{6342E878-F29B-4C39-8116-DC51207E844F}.Debug|Any CPU.Build.0 = Debug|Any CPU
		{6342E878-F29B-4C39-8116-DC51207E844F}.Release|Any CPU.ActiveCfg = Release|Any CPU
		{6342E878-F29B-4C39-8116-DC51207E844F}.Release|Any CPU.Build.0 = Release|Any CPU
		{73A71BAD-2562-4B61-93AD-6D82DCAAD07C}.Debug|Any CPU.ActiveCfg = Debug|Any CPU
		{73A71BAD-2562-4B61-93AD-6D82DCAAD07C}.Debug|Any CPU.Build.0 = Debug|Any CPU
		{73A71BAD-2562-4B61-93AD-6D82DCAAD07C}.Release|Any CPU.ActiveCfg = Release|Any CPU
		{73A71BAD-2562-4B61-93AD-6D82DCAAD07C}.Release|Any CPU.Build.0 = Release|Any CPU
		{14631CCC-BF93-4DD4-8781-45AAD7C8CA57}.Debug|Any CPU.ActiveCfg = Debug|Any CPU
		{14631CCC-BF93-4DD4-8781-45AAD7C8CA57}.Debug|Any CPU.Build.0 = Debug|Any CPU
		{14631CCC-BF93-4DD4-8781-45AAD7C8CA57}.Release|Any CPU.ActiveCfg = Release|Any CPU
		{14631CCC-BF93-4DD4-8781-45AAD7C8CA57}.Release|Any CPU.Build.0 = Release|Any CPU
		{A0DA6797-B9FA-43C1-985F-50F4C0865286}.Debug|Any CPU.ActiveCfg = Debug|Any CPU
		{A0DA6797-B9FA-43C1-985F-50F4C0865286}.Debug|Any CPU.Build.0 = Debug|Any CPU
		{A0DA6797-B9FA-43C1-985F-50F4C0865286}.Release|Any CPU.ActiveCfg = Release|Any CPU
		{A0DA6797-B9FA-43C1-985F-50F4C0865286}.Release|Any CPU.Build.0 = Release|Any CPU
	EndGlobalSection
	GlobalSection(SolutionProperties) = preSolution
		HideSolutionNode = FALSE
	EndGlobalSection
	GlobalSection(ExtensibilityGlobals) = postSolution
		SolutionGuid = {5E55A7BE-293E-43C1-9DE9-E6ED5B63C8D2}
	EndGlobalSection
EndGlobal
